// !$*UTF8*$!
{
	archiveVersion = 1;
	classes = {
	};
	objectVersion = 56;
	objects = {

/* Begin PBXBuildFile section */
		D60856912D6F2D7D00AA48B8 /* AppDelegate.swift in Sources */ = {isa = PBXBuildFile; fileRef = D60856902D6F2D7D00AA48B8 /* AppDelegate.swift */; };
		D60856932D6F2D7D00AA48B8 /* SceneDelegate.swift in Sources */ = {isa = PBXBuildFile; fileRef = D60856922D6F2D7D00AA48B8 /* SceneDelegate.swift */; };
		D60856952D6F2D7D00AA48B8 /* AlarmListViewController.swift in Sources */ = {isa = PBXBuildFile; fileRef = D60856942D6F2D7D00AA48B8 /* AlarmListViewController.swift */; };
		D608569A2D6F2D8000AA48B8 /* Assets.xcassets in Resources */ = {isa = PBXBuildFile; fileRef = D60856992D6F2D8000AA48B8 /* Assets.xcassets */; };
		D60856AA2D6F328C00AA48B8 /* SnapKit in Frameworks */ = {isa = PBXBuildFile; productRef = D60856A92D6F328C00AA48B8 /* SnapKit */; };
		D60856AD2D6F329600AA48B8 /* Then in Frameworks */ = {isa = PBXBuildFile; productRef = D60856AC2D6F329600AA48B8 /* Then */; };
		D60856B22D6F33C900AA48B8 /* Alarm.swift in Sources */ = {isa = PBXBuildFile; fileRef = D60856B12D6F33C900AA48B8 /* Alarm.swift */; };
		D60856B42D6F33DA00AA48B8 /* AlarmUseCase.swift in Sources */ = {isa = PBXBuildFile; fileRef = D60856B32D6F33DA00AA48B8 /* AlarmUseCase.swift */; };
		D60856B82D6F341B00AA48B8 /* UIView+Extensions.swift in Sources */ = {isa = PBXBuildFile; fileRef = D60856B72D6F341B00AA48B8 /* UIView+Extensions.swift */; };
		D60856BA2D6F342500AA48B8 /* Date+Extensions.swift in Sources */ = {isa = PBXBuildFile; fileRef = D60856B92D6F342500AA48B8 /* Date+Extensions.swift */; };
		D60856BC2D6F36DC00AA48B8 /* AlarmCollectionViewCell.swift in Sources */ = {isa = PBXBuildFile; fileRef = D60856BB2D6F36DC00AA48B8 /* AlarmCollectionViewCell.swift */; };
		D60856C02D6F394700AA48B8 /* GradientView.swift in Sources */ = {isa = PBXBuildFile; fileRef = D60856BF2D6F394700AA48B8 /* GradientView.swift */; };
		D60856C22D6F399500AA48B8 /* CircleButton.swift in Sources */ = {isa = PBXBuildFile; fileRef = D60856C12D6F399500AA48B8 /* CircleButton.swift */; };
		D60856C42D6F39B100AA48B8 /* CustomSwitch.swift in Sources */ = {isa = PBXBuildFile; fileRef = D60856C32D6F39B100AA48B8 /* CustomSwitch.swift */; };
		D60856C62D6F39CF00AA48B8 /* CustomTextField.swift in Sources */ = {isa = PBXBuildFile; fileRef = D60856C52D6F39CF00AA48B8 /* CustomTextField.swift */; };
		D60856C82D6F39F700AA48B8 /* SleepSummaryCardView.swift in Sources */ = {isa = PBXBuildFile; fileRef = D60856C72D6F39F700AA48B8 /* SleepSummaryCardView.swift */; };
		D60856CA2D6F3A0200AA48B8 /* SleepGraphView.swift in Sources */ = {isa = PBXBuildFile; fileRef = D60856C92D6F3A0200AA48B8 /* SleepGraphView.swift */; };
		D60856D02D6F3E4F00AA48B8 /* AlarmDetailViewController.swift in Sources */ = {isa = PBXBuildFile; fileRef = D60856CF2D6F3E4F00AA48B8 /* AlarmDetailViewController.swift */; };
		D60856D32D6F44CD00AA48B8 /* MainTabBarController.swift in Sources */ = {isa = PBXBuildFile; fileRef = D60856D22D6F44CD00AA48B8 /* MainTabBarController.swift */; };
		D60856D72D6F44FC00AA48B8 /* SleepManagementViewController.swift in Sources */ = {isa = PBXBuildFile; fileRef = D60856D62D6F44FC00AA48B8 /* SleepManagementViewController.swift */; };
		D60856DA2D70182300AA48B8 /* AlarmListViewModel.swift in Sources */ = {isa = PBXBuildFile; fileRef = D60856D92D70182300AA48B8 /* AlarmListViewModel.swift */; };
		D60856DD2D70187700AA48B8 /* AlarmDetailViewModel.swift in Sources */ = {isa = PBXBuildFile; fileRef = D60856DC2D70187700AA48B8 /* AlarmDetailViewModel.swift */; };
		D60856E12D70290D00AA48B8 /* AlarmNotificationManager.swift in Sources */ = {isa = PBXBuildFile; fileRef = D60856E02D70290D00AA48B8 /* AlarmNotificationManager.swift */; };
		D60856E52D70293C00AA48B8 /* AlarmRingViewController.swift in Sources */ = {isa = PBXBuildFile; fileRef = D60856E42D70293C00AA48B8 /* AlarmRingViewController.swift */; };
		D60856E82D71B7A400AA48B8 /* AlarmStorage.swift in Sources */ = {isa = PBXBuildFile; fileRef = D60856E72D71B7A400AA48B8 /* AlarmStorage.swift */; };
		D60856EA2D71B92C00AA48B8 /* AlarmRepository.swift in Sources */ = {isa = PBXBuildFile; fileRef = D60856E92D71B92C00AA48B8 /* AlarmRepository.swift */; };
		D60856ED2D71B97700AA48B8 /* AlarmRepositoryProtocol.swift in Sources */ = {isa = PBXBuildFile; fileRef = D60856EC2D71B97700AA48B8 /* AlarmRepositoryProtocol.swift */; };
		D60856F12D74890A00AA48B8 /* LaunchScreenViewController.swift in Sources */ = {isa = PBXBuildFile; fileRef = D60856F02D74890A00AA48B8 /* LaunchScreenViewController.swift */; };
		D60856F32D815A7700AA48B8 /* alarm_sound.mp3 in Resources */ = {isa = PBXBuildFile; fileRef = D60856F22D815A7700AA48B8 /* alarm_sound.mp3 */; };
/* End PBXBuildFile section */

/* Begin PBXFileReference section */
		D608568D2D6F2D7D00AA48B8 /* PureAlarm.app */ = {isa = PBXFileReference; explicitFileType = wrapper.application; includeInIndex = 0; path = PureAlarm.app; sourceTree = BUILT_PRODUCTS_DIR; };
		D60856902D6F2D7D00AA48B8 /* AppDelegate.swift */ = {isa = PBXFileReference; lastKnownFileType = sourcecode.swift; path = AppDelegate.swift; sourceTree = "<group>"; };
		D60856922D6F2D7D00AA48B8 /* SceneDelegate.swift */ = {isa = PBXFileReference; lastKnownFileType = sourcecode.swift; path = SceneDelegate.swift; sourceTree = "<group>"; };
		D60856942D6F2D7D00AA48B8 /* AlarmListViewController.swift */ = {isa = PBXFileReference; lastKnownFileType = sourcecode.swift; path = AlarmListViewController.swift; sourceTree = "<group>"; };
		D60856992D6F2D8000AA48B8 /* Assets.xcassets */ = {isa = PBXFileReference; lastKnownFileType = folder.assetcatalog; path = Assets.xcassets; sourceTree = "<group>"; };
		D608569E2D6F2D8000AA48B8 /* Info.plist */ = {isa = PBXFileReference; lastKnownFileType = text.plist.xml; path = Info.plist; sourceTree = "<group>"; };
		D60856B12D6F33C900AA48B8 /* Alarm.swift */ = {isa = PBXFileReference; lastKnownFileType = sourcecode.swift; path = Alarm.swift; sourceTree = "<group>"; };
		D60856B32D6F33DA00AA48B8 /* AlarmUseCase.swift */ = {isa = PBXFileReference; lastKnownFileType = sourcecode.swift; path = AlarmUseCase.swift; sourceTree = "<group>"; };
		D60856B72D6F341B00AA48B8 /* UIView+Extensions.swift */ = {isa = PBXFileReference; lastKnownFileType = sourcecode.swift; path = "UIView+Extensions.swift"; sourceTree = "<group>"; };
		D60856B92D6F342500AA48B8 /* Date+Extensions.swift */ = {isa = PBXFileReference; lastKnownFileType = sourcecode.swift; path = "Date+Extensions.swift"; sourceTree = "<group>"; };
		D60856BB2D6F36DC00AA48B8 /* AlarmCollectionViewCell.swift */ = {isa = PBXFileReference; lastKnownFileType = sourcecode.swift; path = AlarmCollectionViewCell.swift; sourceTree = "<group>"; };
		D60856BF2D6F394700AA48B8 /* GradientView.swift */ = {isa = PBXFileReference; lastKnownFileType = sourcecode.swift; path = GradientView.swift; sourceTree = "<group>"; };
		D60856C12D6F399500AA48B8 /* CircleButton.swift */ = {isa = PBXFileReference; lastKnownFileType = sourcecode.swift; path = CircleButton.swift; sourceTree = "<group>"; };
		D60856C32D6F39B100AA48B8 /* CustomSwitch.swift */ = {isa = PBXFileReference; lastKnownFileType = sourcecode.swift; path = CustomSwitch.swift; sourceTree = "<group>"; };
		D60856C52D6F39CF00AA48B8 /* CustomTextField.swift */ = {isa = PBXFileReference; lastKnownFileType = sourcecode.swift; path = CustomTextField.swift; sourceTree = "<group>"; };
		D60856C72D6F39F700AA48B8 /* SleepSummaryCardView.swift */ = {isa = PBXFileReference; lastKnownFileType = sourcecode.swift; path = SleepSummaryCardView.swift; sourceTree = "<group>"; };
		D60856C92D6F3A0200AA48B8 /* SleepGraphView.swift */ = {isa = PBXFileReference; lastKnownFileType = sourcecode.swift; path = SleepGraphView.swift; sourceTree = "<group>"; };
		D60856CF2D6F3E4F00AA48B8 /* AlarmDetailViewController.swift */ = {isa = PBXFileReference; lastKnownFileType = sourcecode.swift; path = AlarmDetailViewController.swift; sourceTree = "<group>"; };
		D60856D22D6F44CD00AA48B8 /* MainTabBarController.swift */ = {isa = PBXFileReference; lastKnownFileType = sourcecode.swift; path = MainTabBarController.swift; sourceTree = "<group>"; };
		D60856D62D6F44FC00AA48B8 /* SleepManagementViewController.swift */ = {isa = PBXFileReference; lastKnownFileType = sourcecode.swift; path = SleepManagementViewController.swift; sourceTree = "<group>"; };
		D60856D92D70182300AA48B8 /* AlarmListViewModel.swift */ = {isa = PBXFileReference; lastKnownFileType = sourcecode.swift; path = AlarmListViewModel.swift; sourceTree = "<group>"; };
		D60856DC2D70187700AA48B8 /* AlarmDetailViewModel.swift */ = {isa = PBXFileReference; lastKnownFileType = sourcecode.swift; path = AlarmDetailViewModel.swift; sourceTree = "<group>"; };
		D60856E02D70290D00AA48B8 /* AlarmNotificationManager.swift */ = {isa = PBXFileReference; lastKnownFileType = sourcecode.swift; path = AlarmNotificationManager.swift; sourceTree = "<group>"; };
		D60856E42D70293C00AA48B8 /* AlarmRingViewController.swift */ = {isa = PBXFileReference; lastKnownFileType = sourcecode.swift; path = AlarmRingViewController.swift; sourceTree = "<group>"; };
		D60856E72D71B7A400AA48B8 /* AlarmStorage.swift */ = {isa = PBXFileReference; lastKnownFileType = sourcecode.swift; path = AlarmStorage.swift; sourceTree = "<group>"; };
		D60856E92D71B92C00AA48B8 /* AlarmRepository.swift */ = {isa = PBXFileReference; lastKnownFileType = sourcecode.swift; path = AlarmRepository.swift; sourceTree = "<group>"; };
		D60856EC2D71B97700AA48B8 /* AlarmRepositoryProtocol.swift */ = {isa = PBXFileReference; lastKnownFileType = sourcecode.swift; path = AlarmRepositoryProtocol.swift; sourceTree = "<group>"; };
		D60856F02D74890A00AA48B8 /* LaunchScreenViewController.swift */ = {isa = PBXFileReference; lastKnownFileType = sourcecode.swift; path = LaunchScreenViewController.swift; sourceTree = "<group>"; };
		D60856F22D815A7700AA48B8 /* alarm_sound.mp3 */ = {isa = PBXFileReference; lastKnownFileType = audio.mp3; name = alarm_sound.mp3; path = ../../../Downloads/alarm_sound.mp3; sourceTree = "<group>"; };
/* End PBXFileReference section */

/* Begin PBXFrameworksBuildPhase section */
		D608568A2D6F2D7D00AA48B8 /* Frameworks */ = {
			isa = PBXFrameworksBuildPhase;
			buildActionMask = 2147483647;
			files = (
				D60856AA2D6F328C00AA48B8 /* SnapKit in Frameworks */,
				D60856AD2D6F329600AA48B8 /* Then in Frameworks */,
			);
			runOnlyForDeploymentPostprocessing = 0;
		};
/* End PBXFrameworksBuildPhase section */

/* Begin PBXGroup section */
		D60856842D6F2D7D00AA48B8 = {
			isa = PBXGroup;
			children = (
				D608568F2D6F2D7D00AA48B8 /* PureAlarm */,
				D608568E2D6F2D7D00AA48B8 /* Products */,
			);
			sourceTree = "<group>";
		};
		D608568E2D6F2D7D00AA48B8 /* Products */ = {
			isa = PBXGroup;
			children = (
				D608568D2D6F2D7D00AA48B8 /* PureAlarm.app */,
			);
			name = Products;
			sourceTree = "<group>";
		};
		D608568F2D6F2D7D00AA48B8 /* PureAlarm */ = {
			isa = PBXGroup;
			children = (
				D60856F22D815A7700AA48B8 /* alarm_sound.mp3 */,
				D60856DE2D7028FB00AA48B8 /* Data */,
				D60856B52D6F33FF00AA48B8 /* Common */,
				D60856AE2D6F33A600AA48B8 /* Domain */,
				D60856A42D6F2EFC00AA48B8 /* Application */,
				D60856A52D6F2F1700AA48B8 /* Presentation */,
				D60856992D6F2D8000AA48B8 /* Assets.xcassets */,
				D608569E2D6F2D8000AA48B8 /* Info.plist */,
			);
			path = PureAlarm;
			sourceTree = "<group>";
		};
		D60856A42D6F2EFC00AA48B8 /* Application */ = {
			isa = PBXGroup;
			children = (
				D60856902D6F2D7D00AA48B8 /* AppDelegate.swift */,
				D60856922D6F2D7D00AA48B8 /* SceneDelegate.swift */,
			);
			path = Application;
			sourceTree = "<group>";
		};
		D60856A52D6F2F1700AA48B8 /* Presentation */ = {
			isa = PBXGroup;
			children = (
				D60856EE2D7488F300AA48B8 /* Launch */,
				D60856E22D70292D00AA48B8 /* AlarmRing */,
				D60856D42D6F44E200AA48B8 /* SleepManagement */,
				D60856D12D6F44BE00AA48B8 /* TabBar */,
				D60856CD2D6F3E4200AA48B8 /* AlarmDetail */,
				D60856A62D6F2F3C00AA48B8 /* AlarmList */,
			);
			path = Presentation;
			sourceTree = "<group>";
		};
		D60856A62D6F2F3C00AA48B8 /* AlarmList */ = {
			isa = PBXGroup;
			children = (
				D60856D82D70181500AA48B8 /* ViewModel */,
				D60856A72D6F2F4100AA48B8 /* View */,
			);
			path = AlarmList;
			sourceTree = "<group>";
		};
		D60856A72D6F2F4100AA48B8 /* View */ = {
			isa = PBXGroup;
			children = (
				D60856942D6F2D7D00AA48B8 /* AlarmListViewController.swift */,
				D60856BB2D6F36DC00AA48B8 /* AlarmCollectionViewCell.swift */,
				D60856C72D6F39F700AA48B8 /* SleepSummaryCardView.swift */,
				D60856C92D6F3A0200AA48B8 /* SleepGraphView.swift */,
			);
			path = View;
			sourceTree = "<group>";
		};
		D60856AE2D6F33A600AA48B8 /* Domain */ = {
			isa = PBXGroup;
			children = (
				D60856EB2D71B96800AA48B8 /* Repositories */,
				D60856AF2D6F33AC00AA48B8 /* Entities */,
				D60856B02D6F33B400AA48B8 /* UseCases */,
			);
			path = Domain;
			sourceTree = "<group>";
		};
		D60856AF2D6F33AC00AA48B8 /* Entities */ = {
			isa = PBXGroup;
			children = (
				D60856B12D6F33C900AA48B8 /* Alarm.swift */,
			);
			path = Entities;
			sourceTree = "<group>";
		};
		D60856B02D6F33B400AA48B8 /* UseCases */ = {
			isa = PBXGroup;
			children = (
				D60856B32D6F33DA00AA48B8 /* AlarmUseCase.swift */,
			);
			path = UseCases;
			sourceTree = "<group>";
		};
		D60856B52D6F33FF00AA48B8 /* Common */ = {
			isa = PBXGroup;
			children = (
				D60856BE2D6F393A00AA48B8 /* Components */,
				D60856B62D6F340300AA48B8 /* Extensions */,
			);
			path = Common;
			sourceTree = "<group>";
		};
		D60856B62D6F340300AA48B8 /* Extensions */ = {
			isa = PBXGroup;
			children = (
				D60856B72D6F341B00AA48B8 /* UIView+Extensions.swift */,
				D60856B92D6F342500AA48B8 /* Date+Extensions.swift */,
			);
			path = Extensions;
			sourceTree = "<group>";
		};
		D60856BE2D6F393A00AA48B8 /* Components */ = {
			isa = PBXGroup;
			children = (
				D60856BF2D6F394700AA48B8 /* GradientView.swift */,
				D60856C12D6F399500AA48B8 /* CircleButton.swift */,
				D60856C32D6F39B100AA48B8 /* CustomSwitch.swift */,
				D60856C52D6F39CF00AA48B8 /* CustomTextField.swift */,
			);
			path = Components;
			sourceTree = "<group>";
		};
		D60856CD2D6F3E4200AA48B8 /* AlarmDetail */ = {
			isa = PBXGroup;
			children = (
				D60856DB2D70186B00AA48B8 /* ViewModel */,
				D60856CE2D6F3E4800AA48B8 /* View */,
			);
			path = AlarmDetail;
			sourceTree = "<group>";
		};
		D60856CE2D6F3E4800AA48B8 /* View */ = {
			isa = PBXGroup;
			children = (
				D60856CF2D6F3E4F00AA48B8 /* AlarmDetailViewController.swift */,
			);
			path = View;
			sourceTree = "<group>";
		};
		D60856D12D6F44BE00AA48B8 /* TabBar */ = {
			isa = PBXGroup;
			children = (
				D60856D22D6F44CD00AA48B8 /* MainTabBarController.swift */,
			);
			path = TabBar;
			sourceTree = "<group>";
		};
		D60856D42D6F44E200AA48B8 /* SleepManagement */ = {
			isa = PBXGroup;
			children = (
				D60856D52D6F44EE00AA48B8 /* View */,
			);
			path = SleepManagement;
			sourceTree = "<group>";
		};
		D60856D52D6F44EE00AA48B8 /* View */ = {
			isa = PBXGroup;
			children = (
				D60856D62D6F44FC00AA48B8 /* SleepManagementViewController.swift */,
			);
			path = View;
			sourceTree = "<group>";
		};
		D60856D82D70181500AA48B8 /* ViewModel */ = {
			isa = PBXGroup;
			children = (
				D60856D92D70182300AA48B8 /* AlarmListViewModel.swift */,
			);
			path = ViewModel;
			sourceTree = "<group>";
		};
		D60856DB2D70186B00AA48B8 /* ViewModel */ = {
			isa = PBXGroup;
			children = (
				D60856DC2D70187700AA48B8 /* AlarmDetailViewModel.swift */,
			);
			path = ViewModel;
			sourceTree = "<group>";
		};
		D60856DE2D7028FB00AA48B8 /* Data */ = {
			isa = PBXGroup;
			children = (
				D60856E62D71B79C00AA48B8 /* Storage */,
				D60856DF2D70290600AA48B8 /* Managers */,
			);
			path = Data;
			sourceTree = "<group>";
		};
		D60856DF2D70290600AA48B8 /* Managers */ = {
			isa = PBXGroup;
			children = (
				D60856E02D70290D00AA48B8 /* AlarmNotificationManager.swift */,
			);
			path = Managers;
			sourceTree = "<group>";
		};
		D60856E22D70292D00AA48B8 /* AlarmRing */ = {
			isa = PBXGroup;
			children = (
				D60856E32D70293200AA48B8 /* View */,
			);
			path = AlarmRing;
			sourceTree = "<group>";
		};
		D60856E32D70293200AA48B8 /* View */ = {
			isa = PBXGroup;
			children = (
				D60856E42D70293C00AA48B8 /* AlarmRingViewController.swift */,
			);
			path = View;
			sourceTree = "<group>";
		};
		D60856E62D71B79C00AA48B8 /* Storage */ = {
			isa = PBXGroup;
			children = (
				D60856E72D71B7A400AA48B8 /* AlarmStorage.swift */,
			);
			path = Storage;
			sourceTree = "<group>";
		};
		D60856EB2D71B96800AA48B8 /* Repositories */ = {
			isa = PBXGroup;
			children = (
				D60856E92D71B92C00AA48B8 /* AlarmRepository.swift */,
				D60856EC2D71B97700AA48B8 /* AlarmRepositoryProtocol.swift */,
			);
			path = Repositories;
			sourceTree = "<group>";
		};
		D60856EE2D7488F300AA48B8 /* Launch */ = {
			isa = PBXGroup;
			children = (
				D60856EF2D74890600AA48B8 /* View */,
			);
			path = Launch;
			sourceTree = "<group>";
		};
		D60856EF2D74890600AA48B8 /* View */ = {
			isa = PBXGroup;
			children = (
				D60856F02D74890A00AA48B8 /* LaunchScreenViewController.swift */,
			);
			path = View;
			sourceTree = "<group>";
		};
/* End PBXGroup section */

/* Begin PBXNativeTarget section */
		D608568C2D6F2D7D00AA48B8 /* PureAlarm */ = {
			isa = PBXNativeTarget;
			buildConfigurationList = D60856A12D6F2D8000AA48B8 /* Build configuration list for PBXNativeTarget "PureAlarm" */;
			buildPhases = (
				D60856892D6F2D7D00AA48B8 /* Sources */,
				D608568A2D6F2D7D00AA48B8 /* Frameworks */,
				D608568B2D6F2D7D00AA48B8 /* Resources */,
			);
			buildRules = (
			);
			dependencies = (
			);
			name = PureAlarm;
			packageProductDependencies = (
				D60856A92D6F328C00AA48B8 /* SnapKit */,
				D60856AC2D6F329600AA48B8 /* Then */,
			);
			productName = PureAlarm;
			productReference = D608568D2D6F2D7D00AA48B8 /* PureAlarm.app */;
			productType = "com.apple.product-type.application";
		};
/* End PBXNativeTarget section */

/* Begin PBXProject section */
		D60856852D6F2D7D00AA48B8 /* Project object */ = {
			isa = PBXProject;
			attributes = {
				BuildIndependentTargetsInParallel = 1;
				LastSwiftUpdateCheck = 1540;
				LastUpgradeCheck = 1540;
				TargetAttributes = {
					D608568C2D6F2D7D00AA48B8 = {
						CreatedOnToolsVersion = 15.4;
					};
				};
			};
			buildConfigurationList = D60856882D6F2D7D00AA48B8 /* Build configuration list for PBXProject "PureAlarm" */;
			compatibilityVersion = "Xcode 14.0";
			developmentRegion = en;
			hasScannedForEncodings = 0;
			knownRegions = (
				en,
				Base,
			);
			mainGroup = D60856842D6F2D7D00AA48B8;
			packageReferences = (
				D60856A82D6F328C00AA48B8 /* XCRemoteSwiftPackageReference "SnapKit" */,
				D60856AB2D6F329600AA48B8 /* XCRemoteSwiftPackageReference "Then" */,
			);
			productRefGroup = D608568E2D6F2D7D00AA48B8 /* Products */;
			projectDirPath = "";
			projectRoot = "";
			targets = (
				D608568C2D6F2D7D00AA48B8 /* PureAlarm */,
			);
		};
/* End PBXProject section */

/* Begin PBXResourcesBuildPhase section */
		D608568B2D6F2D7D00AA48B8 /* Resources */ = {
			isa = PBXResourcesBuildPhase;
			buildActionMask = 2147483647;
			files = (
				D60856F32D815A7700AA48B8 /* alarm_sound.mp3 in Resources */,
				D608569A2D6F2D8000AA48B8 /* Assets.xcassets in Resources */,
			);
			runOnlyForDeploymentPostprocessing = 0;
		};
/* End PBXResourcesBuildPhase section */

/* Begin PBXSourcesBuildPhase section */
		D60856892D6F2D7D00AA48B8 /* Sources */ = {
			isa = PBXSourcesBuildPhase;
			buildActionMask = 2147483647;
			files = (
				D60856C42D6F39B100AA48B8 /* CustomSwitch.swift in Sources */,
				D60856B82D6F341B00AA48B8 /* UIView+Extensions.swift in Sources */,
				D60856952D6F2D7D00AA48B8 /* AlarmListViewController.swift in Sources */,
				D60856CA2D6F3A0200AA48B8 /* SleepGraphView.swift in Sources */,
				D60856BA2D6F342500AA48B8 /* Date+Extensions.swift in Sources */,
				D60856912D6F2D7D00AA48B8 /* AppDelegate.swift in Sources */,
				D60856EA2D71B92C00AA48B8 /* AlarmRepository.swift in Sources */,
				D60856932D6F2D7D00AA48B8 /* SceneDelegate.swift in Sources */,
				D60856D72D6F44FC00AA48B8 /* SleepManagementViewController.swift in Sources */,
				D60856E12D70290D00AA48B8 /* AlarmNotificationManager.swift in Sources */,
				D60856C22D6F399500AA48B8 /* CircleButton.swift in Sources */,
				D60856DD2D70187700AA48B8 /* AlarmDetailViewModel.swift in Sources */,
				D60856B42D6F33DA00AA48B8 /* AlarmUseCase.swift in Sources */,
				D60856C62D6F39CF00AA48B8 /* CustomTextField.swift in Sources */,
				D60856D32D6F44CD00AA48B8 /* MainTabBarController.swift in Sources */,
				D60856ED2D71B97700AA48B8 /* AlarmRepositoryProtocol.swift in Sources */,
				D60856C02D6F394700AA48B8 /* GradientView.swift in Sources */,
				D60856B22D6F33C900AA48B8 /* Alarm.swift in Sources */,
				D60856F12D74890A00AA48B8 /* LaunchScreenViewController.swift in Sources */,
				D60856BC2D6F36DC00AA48B8 /* AlarmCollectionViewCell.swift in Sources */,
				D60856E52D70293C00AA48B8 /* AlarmRingViewController.swift in Sources */,
				D60856D02D6F3E4F00AA48B8 /* AlarmDetailViewController.swift in Sources */,
				D60856DA2D70182300AA48B8 /* AlarmListViewModel.swift in Sources */,
				D60856C82D6F39F700AA48B8 /* SleepSummaryCardView.swift in Sources */,
				D60856E82D71B7A400AA48B8 /* AlarmStorage.swift in Sources */,
			);
			runOnlyForDeploymentPostprocessing = 0;
		};
/* End PBXSourcesBuildPhase section */

/* Begin XCBuildConfiguration section */
		D608569F2D6F2D8000AA48B8 /* Debug */ = {
			isa = XCBuildConfiguration;
			buildSettings = {
				ALWAYS_SEARCH_USER_PATHS = NO;
				ASSETCATALOG_COMPILER_GENERATE_SWIFT_ASSET_SYMBOL_EXTENSIONS = YES;
				CLANG_ANALYZER_NONNULL = YES;
				CLANG_ANALYZER_NUMBER_OBJECT_CONVERSION = YES_AGGRESSIVE;
				CLANG_CXX_LANGUAGE_STANDARD = "gnu++20";
				CLANG_ENABLE_MODULES = YES;
				CLANG_ENABLE_OBJC_ARC = YES;
				CLANG_ENABLE_OBJC_WEAK = YES;
				CLANG_WARN_BLOCK_CAPTURE_AUTORELEASING = YES;
				CLANG_WARN_BOOL_CONVERSION = YES;
				CLANG_WARN_COMMA = YES;
				CLANG_WARN_CONSTANT_CONVERSION = YES;
				CLANG_WARN_DEPRECATED_OBJC_IMPLEMENTATIONS = YES;
				CLANG_WARN_DIRECT_OBJC_ISA_USAGE = YES_ERROR;
				CLANG_WARN_DOCUMENTATION_COMMENTS = YES;
				CLANG_WARN_EMPTY_BODY = YES;
				CLANG_WARN_ENUM_CONVERSION = YES;
				CLANG_WARN_INFINITE_RECURSION = YES;
				CLANG_WARN_INT_CONVERSION = YES;
				CLANG_WARN_NON_LITERAL_NULL_CONVERSION = YES;
				CLANG_WARN_OBJC_IMPLICIT_RETAIN_SELF = YES;
				CLANG_WARN_OBJC_LITERAL_CONVERSION = YES;
				CLANG_WARN_OBJC_ROOT_CLASS = YES_ERROR;
				CLANG_WARN_QUOTED_INCLUDE_IN_FRAMEWORK_HEADER = YES;
				CLANG_WARN_RANGE_LOOP_ANALYSIS = YES;
				CLANG_WARN_STRICT_PROTOTYPES = YES;
				CLANG_WARN_SUSPICIOUS_MOVE = YES;
				CLANG_WARN_UNGUARDED_AVAILABILITY = YES_AGGRESSIVE;
				CLANG_WARN_UNREACHABLE_CODE = YES;
				CLANG_WARN__DUPLICATE_METHOD_MATCH = YES;
				COPY_PHASE_STRIP = NO;
				DEBUG_INFORMATION_FORMAT = dwarf;
				ENABLE_STRICT_OBJC_MSGSEND = YES;
				ENABLE_TESTABILITY = YES;
				ENABLE_USER_SCRIPT_SANDBOXING = YES;
				GCC_C_LANGUAGE_STANDARD = gnu17;
				GCC_DYNAMIC_NO_PIC = NO;
				GCC_NO_COMMON_BLOCKS = YES;
				GCC_OPTIMIZATION_LEVEL = 0;
				GCC_PREPROCESSOR_DEFINITIONS = (
					"DEBUG=1",
					"$(inherited)",
				);
				GCC_WARN_64_TO_32_BIT_CONVERSION = YES;
				GCC_WARN_ABOUT_RETURN_TYPE = YES_ERROR;
				GCC_WARN_UNDECLARED_SELECTOR = YES;
				GCC_WARN_UNINITIALIZED_AUTOS = YES_AGGRESSIVE;
				GCC_WARN_UNUSED_FUNCTION = YES;
				GCC_WARN_UNUSED_VARIABLE = YES;
				IPHONEOS_DEPLOYMENT_TARGET = 17.5;
				LOCALIZATION_PREFERS_STRING_CATALOGS = YES;
				MTL_ENABLE_DEBUG_INFO = INCLUDE_SOURCE;
				MTL_FAST_MATH = YES;
				ONLY_ACTIVE_ARCH = YES;
				SDKROOT = iphoneos;
				SWIFT_ACTIVE_COMPILATION_CONDITIONS = "DEBUG $(inherited)";
				SWIFT_OPTIMIZATION_LEVEL = "-Onone";
			};
			name = Debug;
		};
		D60856A02D6F2D8000AA48B8 /* Release */ = {
			isa = XCBuildConfiguration;
			buildSettings = {
				ALWAYS_SEARCH_USER_PATHS = NO;
				ASSETCATALOG_COMPILER_GENERATE_SWIFT_ASSET_SYMBOL_EXTENSIONS = YES;
				CLANG_ANALYZER_NONNULL = YES;
				CLANG_ANALYZER_NUMBER_OBJECT_CONVERSION = YES_AGGRESSIVE;
				CLANG_CXX_LANGUAGE_STANDARD = "gnu++20";
				CLANG_ENABLE_MODULES = YES;
				CLANG_ENABLE_OBJC_ARC = YES;
				CLANG_ENABLE_OBJC_WEAK = YES;
				CLANG_WARN_BLOCK_CAPTURE_AUTORELEASING = YES;
				CLANG_WARN_BOOL_CONVERSION = YES;
				CLANG_WARN_COMMA = YES;
				CLANG_WARN_CONSTANT_CONVERSION = YES;
				CLANG_WARN_DEPRECATED_OBJC_IMPLEMENTATIONS = YES;
				CLANG_WARN_DIRECT_OBJC_ISA_USAGE = YES_ERROR;
				CLANG_WARN_DOCUMENTATION_COMMENTS = YES;
				CLANG_WARN_EMPTY_BODY = YES;
				CLANG_WARN_ENUM_CONVERSION = YES;
				CLANG_WARN_INFINITE_RECURSION = YES;
				CLANG_WARN_INT_CONVERSION = YES;
				CLANG_WARN_NON_LITERAL_NULL_CONVERSION = YES;
				CLANG_WARN_OBJC_IMPLICIT_RETAIN_SELF = YES;
				CLANG_WARN_OBJC_LITERAL_CONVERSION = YES;
				CLANG_WARN_OBJC_ROOT_CLASS = YES_ERROR;
				CLANG_WARN_QUOTED_INCLUDE_IN_FRAMEWORK_HEADER = YES;
				CLANG_WARN_RANGE_LOOP_ANALYSIS = YES;
				CLANG_WARN_STRICT_PROTOTYPES = YES;
				CLANG_WARN_SUSPICIOUS_MOVE = YES;
				CLANG_WARN_UNGUARDED_AVAILABILITY = YES_AGGRESSIVE;
				CLANG_WARN_UNREACHABLE_CODE = YES;
				CLANG_WARN__DUPLICATE_METHOD_MATCH = YES;
				COPY_PHASE_STRIP = NO;
				DEBUG_INFORMATION_FORMAT = "dwarf-with-dsym";
				ENABLE_NS_ASSERTIONS = NO;
				ENABLE_STRICT_OBJC_MSGSEND = YES;
				ENABLE_USER_SCRIPT_SANDBOXING = YES;
				GCC_C_LANGUAGE_STANDARD = gnu17;
				GCC_NO_COMMON_BLOCKS = YES;
				GCC_WARN_64_TO_32_BIT_CONVERSION = YES;
				GCC_WARN_ABOUT_RETURN_TYPE = YES_ERROR;
				GCC_WARN_UNDECLARED_SELECTOR = YES;
				GCC_WARN_UNINITIALIZED_AUTOS = YES_AGGRESSIVE;
				GCC_WARN_UNUSED_FUNCTION = YES;
				GCC_WARN_UNUSED_VARIABLE = YES;
				IPHONEOS_DEPLOYMENT_TARGET = 17.5;
				LOCALIZATION_PREFERS_STRING_CATALOGS = YES;
				MTL_ENABLE_DEBUG_INFO = NO;
				MTL_FAST_MATH = YES;
				SDKROOT = iphoneos;
				SWIFT_COMPILATION_MODE = wholemodule;
				VALIDATE_PRODUCT = YES;
			};
			name = Release;
		};
		D60856A22D6F2D8000AA48B8 /* Debug */ = {
			isa = XCBuildConfiguration;
			buildSettings = {
				ASSETCATALOG_COMPILER_APPICON_NAME = AppIcon;
				ASSETCATALOG_COMPILER_GLOBAL_ACCENT_COLOR_NAME = AccentColor;
				CODE_SIGN_STYLE = Automatic;
				CURRENT_PROJECT_VERSION = 1;
				DEVELOPMENT_TEAM = T7U9UX39U3;
				GENERATE_INFOPLIST_FILE = YES;
				INFOPLIST_FILE = PureAlarm/Info.plist;
				INFOPLIST_KEY_UIApplicationSupportsIndirectInputEvents = YES;
				INFOPLIST_KEY_UILaunchStoryboardName = LaunchScreen;
				INFOPLIST_KEY_UIMainStoryboardFile = "";
				INFOPLIST_KEY_UISupportedInterfaceOrientations_iPad = "UIInterfaceOrientationPortrait UIInterfaceOrientationPortraitUpsideDown UIInterfaceOrientationLandscapeLeft UIInterfaceOrientationLandscapeRight";
				INFOPLIST_KEY_UISupportedInterfaceOrientations_iPhone = "UIInterfaceOrientationPortrait UIInterfaceOrientationLandscapeLeft UIInterfaceOrientationLandscapeRight";
				IPHONEOS_DEPLOYMENT_TARGET = 16.0;
				LD_RUNPATH_SEARCH_PATHS = (
					"$(inherited)",
					"@executable_path/Frameworks",
				);
				MARKETING_VERSION = 1.0;
				PRODUCT_BUNDLE_IDENTIFIER = DevPark.PureAlarm;
				PRODUCT_NAME = "$(TARGET_NAME)";
				SWIFT_EMIT_LOC_STRINGS = YES;
				SWIFT_VERSION = 5.0;
				TARGETED_DEVICE_FAMILY = "1,2";
			};
			name = Debug;
		};
		D60856A32D6F2D8000AA48B8 /* Release */ = {
			isa = XCBuildConfiguration;
			buildSettings = {
				ASSETCATALOG_COMPILER_APPICON_NAME = AppIcon;
				ASSETCATALOG_COMPILER_GLOBAL_ACCENT_COLOR_NAME = AccentColor;
				CODE_SIGN_STYLE = Automatic;
				CURRENT_PROJECT_VERSION = 1;
				DEVELOPMENT_TEAM = T7U9UX39U3;
				GENERATE_INFOPLIST_FILE = YES;
				INFOPLIST_FILE = PureAlarm/Info.plist;
				INFOPLIST_KEY_UIApplicationSupportsIndirectInputEvents = YES;
				INFOPLIST_KEY_UILaunchStoryboardName = LaunchScreen;
				INFOPLIST_KEY_UIMainStoryboardFile = "";
				INFOPLIST_KEY_UISupportedInterfaceOrientations_iPad = "UIInterfaceOrientationPortrait UIInterfaceOrientationPortraitUpsideDown UIInterfaceOrientationLandscapeLeft UIInterfaceOrientationLandscapeRight";
				INFOPLIST_KEY_UISupportedInterfaceOrientations_iPhone = "UIInterfaceOrientationPortrait UIInterfaceOrientationLandscapeLeft UIInterfaceOrientationLandscapeRight";
				IPHONEOS_DEPLOYMENT_TARGET = 16.0;
				LD_RUNPATH_SEARCH_PATHS = (
					"$(inherited)",
					"@executable_path/Frameworks",
				);
				MARKETING_VERSION = 1.0;
				PRODUCT_BUNDLE_IDENTIFIER = DevPark.PureAlarm;
				PRODUCT_NAME = "$(TARGET_NAME)";
				SWIFT_EMIT_LOC_STRINGS = YES;
				SWIFT_VERSION = 5.0;
				TARGETED_DEVICE_FAMILY = "1,2";
			};
			name = Release;
		};
/* End XCBuildConfiguration section */

/* Begin XCConfigurationList section */
		D60856882D6F2D7D00AA48B8 /* Build configuration list for PBXProject "PureAlarm" */ = {
			isa = XCConfigurationList;
			buildConfigurations = (
				D608569F2D6F2D8000AA48B8 /* Debug */,
				D60856A02D6F2D8000AA48B8 /* Release */,
			);
			defaultConfigurationIsVisible = 0;
			defaultConfigurationName = Release;
		};
		D60856A12D6F2D8000AA48B8 /* Build configuration list for PBXNativeTarget "PureAlarm" */ = {
			isa = XCConfigurationList;
			buildConfigurations = (
				D60856A22D6F2D8000AA48B8 /* Debug */,
				D60856A32D6F2D8000AA48B8 /* Release */,
			);
			defaultConfigurationIsVisible = 0;
			defaultConfigurationName = Release;
		};
/* End XCConfigurationList section */

/* Begin XCRemoteSwiftPackageReference section */
		D60856A82D6F328C00AA48B8 /* XCRemoteSwiftPackageReference "SnapKit" */ = {
			isa = XCRemoteSwiftPackageReference;
			repositoryURL = "https://github.com/SnapKit/SnapKit";
			requirement = {
				kind = upToNextMajorVersion;
				minimumVersion = 5.7.1;
			};
		};
		D60856AB2D6F329600AA48B8 /* XCRemoteSwiftPackageReference "Then" */ = {
			isa = XCRemoteSwiftPackageReference;
			repositoryURL = "https://github.com/devxoul/Then";
			requirement = {
				kind = upToNextMajorVersion;
				minimumVersion = 3.0.0;
			};
		};
/* End XCRemoteSwiftPackageReference section */

/* Begin XCSwiftPackageProductDependency section */
		D60856A92D6F328C00AA48B8 /* SnapKit */ = {
			isa = XCSwiftPackageProductDependency;
			package = D60856A82D6F328C00AA48B8 /* XCRemoteSwiftPackageReference "SnapKit" */;
			productName = SnapKit;
		};
		D60856AC2D6F329600AA48B8 /* Then */ = {
			isa = XCSwiftPackageProductDependency;
			package = D60856AB2D6F329600AA48B8 /* XCRemoteSwiftPackageReference "Then" */;
			productName = Then;
		};
/* End XCSwiftPackageProductDependency section */
	};
	rootObject = D60856852D6F2D7D00AA48B8 /* Project object */;
}
